
Microsoft Visual Studio Solution File, Format Version 12.00
# Visual Studio Version 17
VisualStudioVersion = 17.5.33530.505
MinimumVisualStudioVersion = 10.0.40219.1
Project("{FAE04EC0-301F-11D3-BF4B-00C04F79EFBC}") = "WebUISpecflowFramework", "WebUISpecflowFramework\WebUISpecflowFramework.csproj", "{6270AD1A-6280-450A-83A7-08E2E7FA45BD}"
EndProject
Global
	GlobalSection(SolutionConfigurationPlatforms) = preSolution
		Debug|Any CPU = Debug|Any CPU
		Release|Any CPU = Release|Any CPU
	EndGlobalSection
	GlobalSection(ProjectConfigurationPlatforms) = postSolution
		{6270AD1A-6280-450A-83A7-08E2E7FA45BD}.Debug|Any CPU.ActiveCfg = Debug|Any CPU
		{6270AD1A-6280-450A-83A7-08E2E7FA45BD}.Debug|Any CPU.Build.0 = Debug|Any CPU
		{6270AD1A-6280-450A-83A7-08E2E7FA45BD}.Release|Any CPU.ActiveCfg = Release|Any CPU
		{6270AD1A-6280-450A-83A7-08E2E7FA45BD}.Release|Any CPU.Build.0 = Release|Any CPU
	EndGlobalSection
	GlobalSection(SolutionProperties) = preSolution
		HideSolutionNode = FALSE
	EndGlobalSection
	GlobalSection(ExtensibilityGlobals) = postSolution
		SolutionGuid = {A7D3821A-1DA7-4AA2-A458-F160D8A0A180}
	EndGlobalSection
EndGlobal
